
Microsoft Visual Studio Solution File, Format Version 12.00
# Visual Studio Version 16
VisualStudioVersion = 16.0.34407.143
MinimumVisualStudioVersion = 10.0.40219.1
Project("{FAE04EC0-301F-11D3-BF4B-00C04F79EFBC}") = "HowJenkinsWorks", "HowJenkinsWorks\HowJenkinsWorks.csproj", "{DD3A3D9C-01C4-4C42-A0E0-5FBC67431D4C}"
EndProject
Project("{FAE04EC0-301F-11D3-BF4B-00C04F79EFBC}") = "HowJenkinsWorksTests", "..\HowJenkinsWorksTests\HowJenkinsWorksTests.csproj", "{756A1D6E-96D0-45D9-A01B-711C999B5B0D}"
EndProject
Project("{FAE04EC0-301F-11D3-BF4B-00C04F79EFBC}") = "HowJenkinsWorksXTests", "..\HowJenkinsWorksXTests\HowJenkinsWorksXTests.csproj", "{F390BBDD-62FC-4B45-B525-969C2050CEB4}"
EndProject
Global
	GlobalSection(SolutionConfigurationPlatforms) = preSolution
		Debug|Any CPU = Debug|Any CPU
		Release|Any CPU = Release|Any CPU
	EndGlobalSection
	GlobalSection(ProjectConfigurationPlatforms) = postSolution
		{DD3A3D9C-01C4-4C42-A0E0-5FBC67431D4C}.Debug|Any CPU.ActiveCfg = Debug|Any CPU
		{DD3A3D9C-01C4-4C42-A0E0-5FBC67431D4C}.Debug|Any CPU.Build.0 = Debug|Any CPU
		{DD3A3D9C-01C4-4C42-A0E0-5FBC67431D4C}.Release|Any CPU.ActiveCfg = Release|Any CPU
		{DD3A3D9C-01C4-4C42-A0E0-5FBC67431D4C}.Release|Any CPU.Build.0 = Release|Any CPU
		{756A1D6E-96D0-45D9-A01B-711C999B5B0D}.Debug|Any CPU.ActiveCfg = Debug|Any CPU
		{756A1D6E-96D0-45D9-A01B-711C999B5B0D}.Debug|Any CPU.Build.0 = Debug|Any CPU
		{756A1D6E-96D0-45D9-A01B-711C999B5B0D}.Release|Any CPU.ActiveCfg = Release|Any CPU
		{756A1D6E-96D0-45D9-A01B-711C999B5B0D}.Release|Any CPU.Build.0 = Release|Any CPU
		{F390BBDD-62FC-4B45-B525-969C2050CEB4}.Debug|Any CPU.ActiveCfg = Debug|Any CPU
		{F390BBDD-62FC-4B45-B525-969C2050CEB4}.Debug|Any CPU.Build.0 = Debug|Any CPU
		{F390BBDD-62FC-4B45-B525-969C2050CEB4}.Release|Any CPU.ActiveCfg = Release|Any CPU
		{F390BBDD-62FC-4B45-B525-969C2050CEB4}.Release|Any CPU.Build.0 = Release|Any CPU
	EndGlobalSection
	GlobalSection(SolutionProperties) = preSolution
		HideSolutionNode = FALSE
	EndGlobalSection
	GlobalSection(ExtensibilityGlobals) = postSolution
		SolutionGuid = {8B796E43-1981-405D-A501-9B79B1ADAFFD}
	EndGlobalSection
EndGlobal
